
Microsoft Visual Studio Solution File, Format Version 12.00
# Visual Studio Version 16
VisualStudioVersion = 16.0.28922.388
MinimumVisualStudioVersion = 10.0.40219.1
Project("{FAE04EC0-301F-11D3-BF4B-00C04F79EFBC}") = "SkyInsuranceThird", "SkyInsuranceThird\SkyInsuranceThird.csproj", "{2EB30436-5A68-4F30-AD53-E3EAFA84FB9C}"
EndProject
Global
	GlobalSection(SolutionConfigurationPlatforms) = preSolution
		Debug|Any CPU = Debug|Any CPU
		Release|Any CPU = Release|Any CPU
	EndGlobalSection
	GlobalSection(ProjectConfigurationPlatforms) = postSolution
		{2EB30436-5A68-4F30-AD53-E3EAFA84FB9C}.Debug|Any CPU.ActiveCfg = Debug|Any CPU
		{2EB30436-5A68-4F30-AD53-E3EAFA84FB9C}.Debug|Any CPU.Build.0 = Debug|Any CPU
		{2EB30436-5A68-4F30-AD53-E3EAFA84FB9C}.Release|Any CPU.ActiveCfg = Release|Any CPU
		{2EB30436-5A68-4F30-AD53-E3EAFA84FB9C}.Release|Any CPU.Build.0 = Release|Any CPU
	EndGlobalSection
	GlobalSection(SolutionProperties) = preSolution
		HideSolutionNode = FALSE
	EndGlobalSection
	GlobalSection(ExtensibilityGlobals) = postSolution
		SolutionGuid = {D6A12449-F8F1-44B7-B399-E94FEA468C69}
	EndGlobalSection
EndGlobal
